
Microsoft Visual Studio Solution File, Format Version 12.00
# Visual Studio Version 17
VisualStudioVersion = 17.0.31903.59
MinimumVisualStudioVersion = 10.0.40219.1
Project("{FAE04EC0-301F-11D3-BF4B-00C04F79EFBC}") = "QQAlchemyDesktop", "src\QQAlchemyDesktop\QQAlchemyDesktop.csproj", "{67C8D64A-EA3C-4CB8-922F-6ED03E559361}"
EndProject
Project("{FAE04EC0-301F-11D3-BF4B-00C04F79EFBC}") = "QQAlchemyDesktop.Tests", "tests\QQAlchemyDesktop.Tests\QQAlchemyDesktop.Tests.csproj", "{B26B9BF8-E21A-42B4-A243-22379835D4A5}"
EndProject
Global
	GlobalSection(SolutionConfigurationPlatforms) = preSolution
		Debug|Any CPU = Debug|Any CPU
		Release|Any CPU = Release|Any CPU
	EndGlobalSection
	GlobalSection(ProjectConfigurationPlatforms) = postSolution
		{67C8D64A-EA3C-4CB8-922F-6ED03E559361}.Debug|Any CPU.ActiveCfg = Debug|Any CPU
		{67C8D64A-EA3C-4CB8-922F-6ED03E559361}.Debug|Any CPU.Build.0 = Debug|Any CPU
		{67C8D64A-EA3C-4CB8-922F-6ED03E559361}.Release|Any CPU.ActiveCfg = Release|Any CPU
		{67C8D64A-EA3C-4CB8-922F-6ED03E559361}.Release|Any CPU.Build.0 = Release|Any CPU
		{B26B9BF8-E21A-42B4-A243-22379835D4A5}.Debug|Any CPU.ActiveCfg = Debug|Any CPU
		{B26B9BF8-E21A-42B4-A243-22379835D4A5}.Debug|Any CPU.Build.0 = Debug|Any CPU
		{B26B9BF8-E21A-42B4-A243-22379835D4A5}.Release|Any CPU.ActiveCfg = Release|Any CPU
		{B26B9BF8-E21A-42B4-A243-22379835D4A5}.Release|Any CPU.Build.0 = Release|Any CPU
	EndGlobalSection
EndGlobal
